
Microsoft Visual Studio Solution File, Format Version 12.00
Project("{FAE04EC0-301F-11D3-BF4B-00C04F79EFBC}") = "VAGnificent", "VAGnificent\VAGnificent.csproj", "{A8A9391F-3A9D-47D3-B265-B98850C90F36}"
EndProject
Project("{FAE04EC0-301F-11D3-BF4B-00C04F79EFBC}") = "VAGnificent.Models", "VAGnificent.Models\VAGnificent.Models.csproj", "{45104677-B195-41B5-A327-3579F5654B1B}"
EndProject
Project("{FAE04EC0-301F-11D3-BF4B-00C04F79EFBC}") = "VAGnificent.DataAccess", "VAGnificent.DataAccess\VAGnificent.DataAccess.csproj", "{242E8FE7-BF1F-4A7F-B9C6-F901A9E2992D}"
EndProject
Global
	GlobalSection(SolutionConfigurationPlatforms) = preSolution
		Debug|Any CPU = Debug|Any CPU
		Release|Any CPU = Release|Any CPU
	EndGlobalSection
	GlobalSection(ProjectConfigurationPlatforms) = postSolution
		{A8A9391F-3A9D-47D3-B265-B98850C90F36}.Debug|Any CPU.ActiveCfg = Debug|Any CPU
		{A8A9391F-3A9D-47D3-B265-B98850C90F36}.Debug|Any CPU.Build.0 = Debug|Any CPU
		{A8A9391F-3A9D-47D3-B265-B98850C90F36}.Release|Any CPU.ActiveCfg = Release|Any CPU
		{A8A9391F-3A9D-47D3-B265-B98850C90F36}.Release|Any CPU.Build.0 = Release|Any CPU
		{45104677-B195-41B5-A327-3579F5654B1B}.Debug|Any CPU.ActiveCfg = Debug|Any CPU
		{45104677-B195-41B5-A327-3579F5654B1B}.Debug|Any CPU.Build.0 = Debug|Any CPU
		{45104677-B195-41B5-A327-3579F5654B1B}.Release|Any CPU.ActiveCfg = Release|Any CPU
		{45104677-B195-41B5-A327-3579F5654B1B}.Release|Any CPU.Build.0 = Release|Any CPU
		{242E8FE7-BF1F-4A7F-B9C6-F901A9E2992D}.Debug|Any CPU.ActiveCfg = Debug|Any CPU
		{242E8FE7-BF1F-4A7F-B9C6-F901A9E2992D}.Debug|Any CPU.Build.0 = Debug|Any CPU
		{242E8FE7-BF1F-4A7F-B9C6-F901A9E2992D}.Release|Any CPU.ActiveCfg = Release|Any CPU
		{242E8FE7-BF1F-4A7F-B9C6-F901A9E2992D}.Release|Any CPU.Build.0 = Release|Any CPU
	EndGlobalSection
EndGlobal
